# THIS IS AN AUTOGENERATED FILE. DO NOT EDIT THIS FILE DIRECTLY.
# yarn lockfile v1


flexsearch@nextapps-de/flexsearch:
  version "0.6.32"
  resolved "https://codeload.github.com/nextapps-de/flexsearch/tar.gz/f01f05e5683d8db644241ff0e27555207084ec07"

remove-markdown@^0.3.0:
  version "0.3.0"
  resolved "https://registry.yarnpkg.com/remove-markdown/-/remove-markdown-0.3.0.tgz#5e4b667493a93579728f3d52ecc1db9ca505dc98"
  integrity sha1-XktmdJOpNXlyjz1S7MHbnKUF3Jg=
